
Microsoft Visual Studio Solution File, Format Version 12.00
Project("{FAE04EC0-301F-11D3-BF4B-00C04F79EFBC}") = "Rectangle", "Rectangle\Rectangle.csproj", "{17437635-B48E-498F-9D78-DA4E7221BFE6}"
EndProject
Global
	GlobalSection(SolutionConfigurationPlatforms) = preSolution
		Debug|Any CPU = Debug|Any CPU
		Release|Any CPU = Release|Any CPU
	EndGlobalSection
	GlobalSection(ProjectConfigurationPlatforms) = postSolution
		{17437635-B48E-498F-9D78-DA4E7221BFE6}.Debug|Any CPU.ActiveCfg = Debug|Any CPU
		{17437635-B48E-498F-9D78-DA4E7221BFE6}.Debug|Any CPU.Build.0 = Debug|Any CPU
		{17437635-B48E-498F-9D78-DA4E7221BFE6}.Release|Any CPU.ActiveCfg = Release|Any CPU
		{17437635-B48E-498F-9D78-DA4E7221BFE6}.Release|Any CPU.Build.0 = Release|Any CPU
	EndGlobalSection
EndGlobal
